// !$*UTF8*$!
{
	archiveVersion = 1;
	classes = {
	};
	objectVersion = 50;
	objects = {

/* Begin PBXBuildFile section */
		058557BB273AAA24004C7B11 /* Assets.xcassets in Resources */ = {isa = PBXBuildFile; fileRef = 058557BA273AAA24004C7B11 /* Assets.xcassets */; };
		058557D9273AAEEB004C7B11 /* Preview Assets.xcassets in Resources */ = {isa = PBXBuildFile; fileRef = 058557D8273AAEEB004C7B11 /* Preview Assets.xcassets */; };
		2152FB042600AC8F00CF470E /* iOSApp.swift in Sources */ = {isa = PBXBuildFile; fileRef = 2152FB032600AC8F00CF470E /* iOSApp.swift */; };
		7555FF83242A565900829871 /* ContentView.swift in Sources */ = {isa = PBXBuildFile; fileRef = 7555FF82242A565900829871 /* ContentView.swift */; };
		9043F940398FD755C3A8FA1F /* Pods_iosApp.framework in Frameworks */ = {isa = PBXBuildFile; fileRef = 69D0F016A8EC8A3965986C8D /* Pods_iosApp.framework */; };
		FA62CBA12BCB03F500DDB46D /* MainScreen.swift in Sources */ = {isa = PBXBuildFile; fileRef = FA62CBA02BCB03F500DDB46D /* MainScreen.swift */; };
		FA64EC902BCAE4B9000F6AFE /* SplashScreen.swift in Sources */ = {isa = PBXBuildFile; fileRef = FA64EC8F2BCAE4B9000F6AFE /* SplashScreen.swift */; };
		FA64EC932BCAE4D0000F6AFE /* SplashViewModel.swift in Sources */ = {isa = PBXBuildFile; fileRef = FA64EC922BCAE4D0000F6AFE /* SplashViewModel.swift */; };
		FA64EC952BCAE783000F6AFE /* AuthScreen.swift in Sources */ = {isa = PBXBuildFile; fileRef = FA64EC942BCAE783000F6AFE /* AuthScreen.swift */; };
		FA64EC972BCAEAA5000F6AFE /* AuthViewModel.swift in Sources */ = {isa = PBXBuildFile; fileRef = FA64EC962BCAEAA5000F6AFE /* AuthViewModel.swift */; };
		FA64EC9A2BCAECCD000F6AFE /* CommonTextField.swift in Sources */ = {isa = PBXBuildFile; fileRef = FA64EC992BCAECCD000F6AFE /* CommonTextField.swift */; };
		FA64EC9C2BCAED08000F6AFE /* ActionButton.swift in Sources */ = {isa = PBXBuildFile; fileRef = FA64EC9B2BCAED08000F6AFE /* ActionButton.swift */; };
		FA64EC9E2BCAED31000F6AFE /* AuthTabButton.swift in Sources */ = {isa = PBXBuildFile; fileRef = FA64EC9D2BCAED31000F6AFE /* AuthTabButton.swift */; };
		FAC285D02BCB1C04001BB83D /* CameraView.swift in Sources */ = {isa = PBXBuildFile; fileRef = FAC285CF2BCB1C04001BB83D /* CameraView.swift */; };
		FAC285E22BCB28BA001BB83D /* ContentHandler.swift in Sources */ = {isa = PBXBuildFile; fileRef = FAC285E12BCB28BA001BB83D /* ContentHandler.swift */; };
		FAC285E42BCB290B001BB83D /* CameraManager.swift in Sources */ = {isa = PBXBuildFile; fileRef = FAC285E32BCB290B001BB83D /* CameraManager.swift */; };
		FAC285E62BCB292D001BB83D /* CameraError.swift in Sources */ = {isa = PBXBuildFile; fileRef = FAC285E52BCB292D001BB83D /* CameraError.swift */; };
		FAC285E82BCB2940001BB83D /* FrameManager.swift in Sources */ = {isa = PBXBuildFile; fileRef = FAC285E72BCB2940001BB83D /* FrameManager.swift */; };
		FAC285EA2BCB2996001BB83D /* FrameView.swift in Sources */ = {isa = PBXBuildFile; fileRef = FAC285E92BCB2996001BB83D /* FrameView.swift */; };
		FAC285EC2BCB312A001BB83D /* MainViewModel.swift in Sources */ = {isa = PBXBuildFile; fileRef = FAC285EB2BCB312A001BB83D /* MainViewModel.swift */; };
		FAC285EE2BCB370C001BB83D /* EditBottomSheet.swift in Sources */ = {isa = PBXBuildFile; fileRef = FAC285ED2BCB370C001BB83D /* EditBottomSheet.swift */; };
/* End PBXBuildFile section */

/* Begin PBXFileReference section */
		058557BA273AAA24004C7B11 /* Assets.xcassets */ = {isa = PBXFileReference; lastKnownFileType = folder.assetcatalog; path = Assets.xcassets; sourceTree = "<group>"; };
		058557D8273AAEEB004C7B11 /* Preview Assets.xcassets */ = {isa = PBXFileReference; lastKnownFileType = folder.assetcatalog; path = "Preview Assets.xcassets"; sourceTree = "<group>"; };
		2152FB032600AC8F00CF470E /* iOSApp.swift */ = {isa = PBXFileReference; lastKnownFileType = sourcecode.swift; path = iOSApp.swift; sourceTree = "<group>"; };
		69D0F016A8EC8A3965986C8D /* Pods_iosApp.framework */ = {isa = PBXFileReference; explicitFileType = wrapper.framework; includeInIndex = 0; path = Pods_iosApp.framework; sourceTree = BUILT_PRODUCTS_DIR; };
		6B3B792F245B9A15124980A9 /* Pods-iosApp.debug.xcconfig */ = {isa = PBXFileReference; includeInIndex = 1; lastKnownFileType = text.xcconfig; name = "Pods-iosApp.debug.xcconfig"; path = "Target Support Files/Pods-iosApp/Pods-iosApp.debug.xcconfig"; sourceTree = "<group>"; };
		7555FF7B242A565900829871 /* iosApp.app */ = {isa = PBXFileReference; explicitFileType = wrapper.application; includeInIndex = 0; path = iosApp.app; sourceTree = BUILT_PRODUCTS_DIR; };
		7555FF82242A565900829871 /* ContentView.swift */ = {isa = PBXFileReference; lastKnownFileType = sourcecode.swift; path = ContentView.swift; sourceTree = "<group>"; };
		7555FF8C242A565B00829871 /* Info.plist */ = {isa = PBXFileReference; lastKnownFileType = text.plist.xml; path = Info.plist; sourceTree = "<group>"; };
		FA62CBA02BCB03F500DDB46D /* MainScreen.swift */ = {isa = PBXFileReference; lastKnownFileType = sourcecode.swift; path = MainScreen.swift; sourceTree = "<group>"; };
		FA64EC8F2BCAE4B9000F6AFE /* SplashScreen.swift */ = {isa = PBXFileReference; lastKnownFileType = sourcecode.swift; path = SplashScreen.swift; sourceTree = "<group>"; };
		FA64EC922BCAE4D0000F6AFE /* SplashViewModel.swift */ = {isa = PBXFileReference; lastKnownFileType = sourcecode.swift; path = SplashViewModel.swift; sourceTree = "<group>"; };
		FA64EC942BCAE783000F6AFE /* AuthScreen.swift */ = {isa = PBXFileReference; lastKnownFileType = sourcecode.swift; path = AuthScreen.swift; sourceTree = "<group>"; };
		FA64EC962BCAEAA5000F6AFE /* AuthViewModel.swift */ = {isa = PBXFileReference; lastKnownFileType = sourcecode.swift; path = AuthViewModel.swift; sourceTree = "<group>"; };
		FA64EC992BCAECCD000F6AFE /* CommonTextField.swift */ = {isa = PBXFileReference; lastKnownFileType = sourcecode.swift; path = CommonTextField.swift; sourceTree = "<group>"; };
		FA64EC9B2BCAED08000F6AFE /* ActionButton.swift */ = {isa = PBXFileReference; lastKnownFileType = sourcecode.swift; path = ActionButton.swift; sourceTree = "<group>"; };
		FA64EC9D2BCAED31000F6AFE /* AuthTabButton.swift */ = {isa = PBXFileReference; lastKnownFileType = sourcecode.swift; path = AuthTabButton.swift; sourceTree = "<group>"; };
		FAC285CF2BCB1C04001BB83D /* CameraView.swift */ = {isa = PBXFileReference; lastKnownFileType = sourcecode.swift; name = CameraView.swift; path = ../../../../../../../Documents/CameraView.swift; sourceTree = "<group>"; };
		FAC285E12BCB28BA001BB83D /* ContentHandler.swift */ = {isa = PBXFileReference; lastKnownFileType = sourcecode.swift; path = ContentHandler.swift; sourceTree = "<group>"; };
		FAC285E32BCB290B001BB83D /* CameraManager.swift */ = {isa = PBXFileReference; lastKnownFileType = sourcecode.swift; path = CameraManager.swift; sourceTree = "<group>"; };
		FAC285E52BCB292D001BB83D /* CameraError.swift */ = {isa = PBXFileReference; lastKnownFileType = sourcecode.swift; path = CameraError.swift; sourceTree = "<group>"; };
		FAC285E72BCB2940001BB83D /* FrameManager.swift */ = {isa = PBXFileReference; lastKnownFileType = sourcecode.swift; path = FrameManager.swift; sourceTree = "<group>"; };
		FAC285E92BCB2996001BB83D /* FrameView.swift */ = {isa = PBXFileReference; lastKnownFileType = sourcecode.swift; path = FrameView.swift; sourceTree = "<group>"; };
		FAC285EB2BCB312A001BB83D /* MainViewModel.swift */ = {isa = PBXFileReference; lastKnownFileType = sourcecode.swift; path = MainViewModel.swift; sourceTree = "<group>"; };
		FAC285ED2BCB370C001BB83D /* EditBottomSheet.swift */ = {isa = PBXFileReference; lastKnownFileType = sourcecode.swift; path = EditBottomSheet.swift; sourceTree = "<group>"; };
		FCB0DEA2CA694C78F967C560 /* Pods-iosApp.release.xcconfig */ = {isa = PBXFileReference; includeInIndex = 1; lastKnownFileType = text.xcconfig; name = "Pods-iosApp.release.xcconfig"; path = "Target Support Files/Pods-iosApp/Pods-iosApp.release.xcconfig"; sourceTree = "<group>"; };
/* End PBXFileReference section */

/* Begin PBXFrameworksBuildPhase section */
		A2EF69804CC73C2C9D07DE18 /* Frameworks */ = {
			isa = PBXFrameworksBuildPhase;
			buildActionMask = 2147483647;
			files = (
				9043F940398FD755C3A8FA1F /* Pods_iosApp.framework in Frameworks */,
			);
			runOnlyForDeploymentPostprocessing = 0;
		};
/* End PBXFrameworksBuildPhase section */

/* Begin PBXGroup section */
		058557D7273AAEEB004C7B11 /* Preview Content */ = {
			isa = PBXGroup;
			children = (
				058557D8273AAEEB004C7B11 /* Preview Assets.xcassets */,
			);
			path = "Preview Content";
			sourceTree = "<group>";
		};
		18D27CD5A7399FF34AE326D9 /* Frameworks */ = {
			isa = PBXGroup;
			children = (
				69D0F016A8EC8A3965986C8D /* Pods_iosApp.framework */,
			);
			name = Frameworks;
			sourceTree = "<group>";
		};
		34A1FA43A0B7DCA0134EC074 /* Pods */ = {
			isa = PBXGroup;
			children = (
				6B3B792F245B9A15124980A9 /* Pods-iosApp.debug.xcconfig */,
				FCB0DEA2CA694C78F967C560 /* Pods-iosApp.release.xcconfig */,
			);
			path = Pods;
			sourceTree = "<group>";
		};
		7555FF72242A565900829871 = {
			isa = PBXGroup;
			children = (
				7555FF7D242A565900829871 /* iosApp */,
				7555FF7C242A565900829871 /* Products */,
				34A1FA43A0B7DCA0134EC074 /* Pods */,
				18D27CD5A7399FF34AE326D9 /* Frameworks */,
			);
			sourceTree = "<group>";
		};
		7555FF7C242A565900829871 /* Products */ = {
			isa = PBXGroup;
			children = (
				7555FF7B242A565900829871 /* iosApp.app */,
			);
			name = Products;
			sourceTree = "<group>";
		};
		7555FF7D242A565900829871 /* iosApp */ = {
			isa = PBXGroup;
			children = (
				FA64EC882BCAE436000F6AFE /* screen */,
				058557BA273AAA24004C7B11 /* Assets.xcassets */,
				7555FF82242A565900829871 /* ContentView.swift */,
				7555FF8C242A565B00829871 /* Info.plist */,
				2152FB032600AC8F00CF470E /* iOSApp.swift */,
				058557D7273AAEEB004C7B11 /* Preview Content */,
			);
			path = iosApp;
			sourceTree = "<group>";
		};
		FA64EC882BCAE436000F6AFE /* screen */ = {
			isa = PBXGroup;
			children = (
				FA64EC982BCAECAB000F6AFE /* components */,
				FA64EC8B2BCAE458000F6AFE /* main */,
				FA64EC8A2BCAE446000F6AFE /* auth */,
				FA64EC892BCAE43D000F6AFE /* splash */,
			);
			path = screen;
			sourceTree = "<group>";
		};
		FA64EC892BCAE43D000F6AFE /* splash */ = {
			isa = PBXGroup;
			children = (
				FA64EC912BCAE4C1000F6AFE /* views */,
				FA64EC8F2BCAE4B9000F6AFE /* SplashScreen.swift */,
				FA64EC922BCAE4D0000F6AFE /* SplashViewModel.swift */,
			);
			path = splash;
			sourceTree = "<group>";
		};
		FA64EC8A2BCAE446000F6AFE /* auth */ = {
			isa = PBXGroup;
			children = (
				FA64EC942BCAE783000F6AFE /* AuthScreen.swift */,
				FA64EC962BCAEAA5000F6AFE /* AuthViewModel.swift */,
			);
			path = auth;
			sourceTree = "<group>";
		};
		FA64EC8B2BCAE458000F6AFE /* main */ = {
			isa = PBXGroup;
			children = (
				FAC285CE2BCB1BF6001BB83D /* Views */,
				FA62CBA02BCB03F500DDB46D /* MainScreen.swift */,
				FAC285EB2BCB312A001BB83D /* MainViewModel.swift */,
			);
			path = main;
			sourceTree = "<group>";
		};
		FA64EC912BCAE4C1000F6AFE /* views */ = {
			isa = PBXGroup;
			children = (
			);
			path = views;
			sourceTree = "<group>";
		};
		FA64EC982BCAECAB000F6AFE /* components */ = {
			isa = PBXGroup;
			children = (
				FA64EC992BCAECCD000F6AFE /* CommonTextField.swift */,
				FA64EC9B2BCAED08000F6AFE /* ActionButton.swift */,
				FA64EC9D2BCAED31000F6AFE /* AuthTabButton.swift */,
			);
			path = components;
			sourceTree = "<group>";
		};
		FAC285CE2BCB1BF6001BB83D /* Views */ = {
			isa = PBXGroup;
			children = (
				FAC285CF2BCB1C04001BB83D /* CameraView.swift */,
				FAC285E12BCB28BA001BB83D /* ContentHandler.swift */,
				FAC285E32BCB290B001BB83D /* CameraManager.swift */,
				FAC285E52BCB292D001BB83D /* CameraError.swift */,
				FAC285E72BCB2940001BB83D /* FrameManager.swift */,
				FAC285E92BCB2996001BB83D /* FrameView.swift */,
				FAC285ED2BCB370C001BB83D /* EditBottomSheet.swift */,
			);
			path = Views;
			sourceTree = "<group>";
		};
/* End PBXGroup section */

/* Begin PBXNativeTarget section */
		7555FF7A242A565900829871 /* iosApp */ = {
			isa = PBXNativeTarget;
			buildConfigurationList = 7555FFA5242A565B00829871 /* Build configuration list for PBXNativeTarget "iosApp" */;
			buildPhases = (
				AEB71501834A49210452DFB9 /* [CP] Check Pods Manifest.lock */,
				7555FF77242A565900829871 /* Sources */,
				7555FF79242A565900829871 /* Resources */,
				A2EF69804CC73C2C9D07DE18 /* Frameworks */,
			);
			buildRules = (
			);
			dependencies = (
			);
			name = iosApp;
			productName = iosApp;
			productReference = 7555FF7B242A565900829871 /* iosApp.app */;
			productType = "com.apple.product-type.application";
		};
/* End PBXNativeTarget section */

/* Begin PBXProject section */
		7555FF73242A565900829871 /* Project object */ = {
			isa = PBXProject;
			attributes = {
				LastSwiftUpdateCheck = 1130;
				LastUpgradeCheck = 1130;
				ORGANIZATIONNAME = orgName;
				TargetAttributes = {
					7555FF7A242A565900829871 = {
						CreatedOnToolsVersion = 11.3.1;
					};
				};
			};
			buildConfigurationList = 7555FF76242A565900829871 /* Build configuration list for PBXProject "iosApp" */;
			compatibilityVersion = "Xcode 9.3";
			developmentRegion = en;
			hasScannedForEncodings = 0;
			knownRegions = (
				en,
				Base,
			);
			mainGroup = 7555FF72242A565900829871;
			productRefGroup = 7555FF7C242A565900829871 /* Products */;
			projectDirPath = "";
			projectRoot = "";
			targets = (
				7555FF7A242A565900829871 /* iosApp */,
			);
		};
/* End PBXProject section */

/* Begin PBXResourcesBuildPhase section */
		7555FF79242A565900829871 /* Resources */ = {
			isa = PBXResourcesBuildPhase;
			buildActionMask = 2147483647;
			files = (
				058557D9273AAEEB004C7B11 /* Preview Assets.xcassets in Resources */,
				058557BB273AAA24004C7B11 /* Assets.xcassets in Resources */,
			);
			runOnlyForDeploymentPostprocessing = 0;
		};
/* End PBXResourcesBuildPhase section */

/* Begin PBXShellScriptBuildPhase section */
		AEB71501834A49210452DFB9 /* [CP] Check Pods Manifest.lock */ = {
			isa = PBXShellScriptBuildPhase;
			buildActionMask = 2147483647;
			files = (
			);
			inputFileListPaths = (
			);
			inputPaths = (
				"${PODS_PODFILE_DIR_PATH}/Podfile.lock",
				"${PODS_ROOT}/Manifest.lock",
			);
			name = "[CP] Check Pods Manifest.lock";
			outputFileListPaths = (
			);
			outputPaths = (
				"$(DERIVED_FILE_DIR)/Pods-iosApp-checkManifestLockResult.txt",
			);
			runOnlyForDeploymentPostprocessing = 0;
			shellPath = /bin/sh;
			shellScript = "diff \"${PODS_PODFILE_DIR_PATH}/Podfile.lock\" \"${PODS_ROOT}/Manifest.lock\" > /dev/null\nif [ $? != 0 ] ; then\n    # print error to STDERR\n    echo \"error: The sandbox is not in sync with the Podfile.lock. Run 'pod install' or update your CocoaPods installation.\" >&2\n    exit 1\nfi\n# This output is used by Xcode 'outputs' to avoid re-running this script phase.\necho \"SUCCESS\" > \"${SCRIPT_OUTPUT_FILE_0}\"\n";
			showEnvVarsInLog = 0;
		};
/* End PBXShellScriptBuildPhase section */

/* Begin PBXSourcesBuildPhase section */
		7555FF77242A565900829871 /* Sources */ = {
			isa = PBXSourcesBuildPhase;
			buildActionMask = 2147483647;
			files = (
				FAC285EA2BCB2996001BB83D /* FrameView.swift in Sources */,
				FAC285E22BCB28BA001BB83D /* ContentHandler.swift in Sources */,
				FAC285E42BCB290B001BB83D /* CameraManager.swift in Sources */,
				FA64EC902BCAE4B9000F6AFE /* SplashScreen.swift in Sources */,
				2152FB042600AC8F00CF470E /* iOSApp.swift in Sources */,
				FA62CBA12BCB03F500DDB46D /* MainScreen.swift in Sources */,
				FA64EC9A2BCAECCD000F6AFE /* CommonTextField.swift in Sources */,
				FA64EC972BCAEAA5000F6AFE /* AuthViewModel.swift in Sources */,
				FAC285EC2BCB312A001BB83D /* MainViewModel.swift in Sources */,
				FA64EC9E2BCAED31000F6AFE /* AuthTabButton.swift in Sources */,
				FA64EC9C2BCAED08000F6AFE /* ActionButton.swift in Sources */,
				FAC285D02BCB1C04001BB83D /* CameraView.swift in Sources */,
				FAC285EE2BCB370C001BB83D /* EditBottomSheet.swift in Sources */,
				FAC285E82BCB2940001BB83D /* FrameManager.swift in Sources */,
				7555FF83242A565900829871 /* ContentView.swift in Sources */,
				FA64EC932BCAE4D0000F6AFE /* SplashViewModel.swift in Sources */,
				FA64EC952BCAE783000F6AFE /* AuthScreen.swift in Sources */,
				FAC285E62BCB292D001BB83D /* CameraError.swift in Sources */,
			);
			runOnlyForDeploymentPostprocessing = 0;
		};
/* End PBXSourcesBuildPhase section */

/* Begin XCBuildConfiguration section */
		7555FFA3242A565B00829871 /* Debug */ = {
			isa = XCBuildConfiguration;
			buildSettings = {
				ALWAYS_SEARCH_USER_PATHS = NO;
				CLANG_ANALYZER_NONNULL = YES;
				CLANG_ANALYZER_NUMBER_OBJECT_CONVERSION = YES_AGGRESSIVE;
				CLANG_CXX_LANGUAGE_STANDARD = "gnu++14";
				CLANG_CXX_LIBRARY = "libc++";
				CLANG_ENABLE_MODULES = YES;
				CLANG_ENABLE_OBJC_ARC = YES;
				CLANG_ENABLE_OBJC_WEAK = YES;
				CLANG_WARN_BLOCK_CAPTURE_AUTORELEASING = YES;
				CLANG_WARN_BOOL_CONVERSION = YES;
				CLANG_WARN_COMMA = YES;
				CLANG_WARN_CONSTANT_CONVERSION = YES;
				CLANG_WARN_DEPRECATED_OBJC_IMPLEMENTATIONS = YES;
				CLANG_WARN_DIRECT_OBJC_ISA_USAGE = YES_ERROR;
				CLANG_WARN_DOCUMENTATION_COMMENTS = YES;
				CLANG_WARN_EMPTY_BODY = YES;
				CLANG_WARN_ENUM_CONVERSION = YES;
				CLANG_WARN_INFINITE_RECURSION = YES;
				CLANG_WARN_INT_CONVERSION = YES;
				CLANG_WARN_NON_LITERAL_NULL_CONVERSION = YES;
				CLANG_WARN_OBJC_IMPLICIT_RETAIN_SELF = YES;
				CLANG_WARN_OBJC_LITERAL_CONVERSION = YES;
				CLANG_WARN_OBJC_ROOT_CLASS = YES_ERROR;
				CLANG_WARN_QUOTED_INCLUDE_IN_FRAMEWORK_HEADER = YES;
				CLANG_WARN_RANGE_LOOP_ANALYSIS = YES;
				CLANG_WARN_STRICT_PROTOTYPES = YES;
				CLANG_WARN_SUSPICIOUS_MOVE = YES;
				CLANG_WARN_UNGUARDED_AVAILABILITY = YES_AGGRESSIVE;
				CLANG_WARN_UNREACHABLE_CODE = YES;
				CLANG_WARN__DUPLICATE_METHOD_MATCH = YES;
				COPY_PHASE_STRIP = NO;
				DEBUG_INFORMATION_FORMAT = "dwarf-with-dsym";
				ENABLE_STRICT_OBJC_MSGSEND = YES;
				ENABLE_TESTABILITY = YES;
				GCC_C_LANGUAGE_STANDARD = gnu11;
				GCC_DYNAMIC_NO_PIC = NO;
				GCC_NO_COMMON_BLOCKS = YES;
				GCC_OPTIMIZATION_LEVEL = 0;
				GCC_PREPROCESSOR_DEFINITIONS = (
					"DEBUG=1",
					"$(inherited)",
				);
				GCC_WARN_64_TO_32_BIT_CONVERSION = YES;
				GCC_WARN_ABOUT_RETURN_TYPE = YES_ERROR;
				GCC_WARN_UNDECLARED_SELECTOR = YES;
				GCC_WARN_UNINITIALIZED_AUTOS = YES_AGGRESSIVE;
				GCC_WARN_UNUSED_FUNCTION = YES;
				GCC_WARN_UNUSED_VARIABLE = YES;
				IPHONEOS_DEPLOYMENT_TARGET = 16.0;
				MTL_ENABLE_DEBUG_INFO = INCLUDE_SOURCE;
				MTL_FAST_MATH = YES;
				ONLY_ACTIVE_ARCH = YES;
				SDKROOT = iphoneos;
				SWIFT_ACTIVE_COMPILATION_CONDITIONS = DEBUG;
				SWIFT_OPTIMIZATION_LEVEL = "-Onone";
			};
			name = Debug;
		};
		7555FFA4242A565B00829871 /* Release */ = {
			isa = XCBuildConfiguration;
			buildSettings = {
				ALWAYS_SEARCH_USER_PATHS = NO;
				CLANG_ANALYZER_NONNULL = YES;
				CLANG_ANALYZER_NUMBER_OBJECT_CONVERSION = YES_AGGRESSIVE;
				CLANG_CXX_LANGUAGE_STANDARD = "gnu++14";
				CLANG_CXX_LIBRARY = "libc++";
				CLANG_ENABLE_MODULES = YES;
				CLANG_ENABLE_OBJC_ARC = YES;
				CLANG_ENABLE_OBJC_WEAK = YES;
				CLANG_WARN_BLOCK_CAPTURE_AUTORELEASING = YES;
				CLANG_WARN_BOOL_CONVERSION = YES;
				CLANG_WARN_COMMA = YES;
				CLANG_WARN_CONSTANT_CONVERSION = YES;
				CLANG_WARN_DEPRECATED_OBJC_IMPLEMENTATIONS = YES;
				CLANG_WARN_DIRECT_OBJC_ISA_USAGE = YES_ERROR;
				CLANG_WARN_DOCUMENTATION_COMMENTS = YES;
				CLANG_WARN_EMPTY_BODY = YES;
				CLANG_WARN_ENUM_CONVERSION = YES;
				CLANG_WARN_INFINITE_RECURSION = YES;
				CLANG_WARN_INT_CONVERSION = YES;
				CLANG_WARN_NON_LITERAL_NULL_CONVERSION = YES;
				CLANG_WARN_OBJC_IMPLICIT_RETAIN_SELF = YES;
				CLANG_WARN_OBJC_LITERAL_CONVERSION = YES;
				CLANG_WARN_OBJC_ROOT_CLASS = YES_ERROR;
				CLANG_WARN_QUOTED_INCLUDE_IN_FRAMEWORK_HEADER = YES;
				CLANG_WARN_RANGE_LOOP_ANALYSIS = YES;
				CLANG_WARN_STRICT_PROTOTYPES = YES;
				CLANG_WARN_SUSPICIOUS_MOVE = YES;
				CLANG_WARN_UNGUARDED_AVAILABILITY = YES_AGGRESSIVE;
				CLANG_WARN_UNREACHABLE_CODE = YES;
				CLANG_WARN__DUPLICATE_METHOD_MATCH = YES;
				COPY_PHASE_STRIP = NO;
				DEBUG_INFORMATION_FORMAT = "dwarf-with-dsym";
				ENABLE_NS_ASSERTIONS = NO;
				ENABLE_STRICT_OBJC_MSGSEND = YES;
				GCC_C_LANGUAGE_STANDARD = gnu11;
				GCC_NO_COMMON_BLOCKS = YES;
				GCC_WARN_64_TO_32_BIT_CONVERSION = YES;
				GCC_WARN_ABOUT_RETURN_TYPE = YES_ERROR;
				GCC_WARN_UNDECLARED_SELECTOR = YES;
				GCC_WARN_UNINITIALIZED_AUTOS = YES_AGGRESSIVE;
				GCC_WARN_UNUSED_FUNCTION = YES;
				GCC_WARN_UNUSED_VARIABLE = YES;
				IPHONEOS_DEPLOYMENT_TARGET = 16.0;
				MTL_ENABLE_DEBUG_INFO = NO;
				MTL_FAST_MATH = YES;
				SDKROOT = iphoneos;
				SWIFT_COMPILATION_MODE = wholemodule;
				SWIFT_OPTIMIZATION_LEVEL = "-O";
				VALIDATE_PRODUCT = YES;
			};
			name = Release;
		};
		7555FFA6242A565B00829871 /* Debug */ = {
			isa = XCBuildConfiguration;
			baseConfigurationReference = 6B3B792F245B9A15124980A9 /* Pods-iosApp.debug.xcconfig */;
			buildSettings = {
				ASSETCATALOG_COMPILER_APPICON_NAME = AppIcon;
				CODE_SIGN_STYLE = Automatic;
				DEVELOPMENT_ASSET_PATHS = "\"iosApp/Preview Content\"";
				DEVELOPMENT_TEAM = 3XU5RDW35H;
				ENABLE_PREVIEWS = YES;
				INFOPLIST_FILE = iosApp/Info.plist;
				IPHONEOS_DEPLOYMENT_TARGET = 16.0;
				LD_RUNPATH_SEARCH_PATHS = (
					"$(inherited)",
					"@executable_path/Frameworks",
				);
				OTHER_LDFLAGS = (
					"$(inherited)",
					"-lsqlite3",
					"-ObjC",
					"-l\"c++\"",
					"-framework",
					"\"shared\"",
				);
				PRODUCT_BUNDLE_IDENTIFIER = larkes;
				PRODUCT_NAME = "$(TARGET_NAME)";
				SWIFT_VERSION = 5.0;
				TARGETED_DEVICE_FAMILY = "1,2";
			};
			name = Debug;
		};
		7555FFA7242A565B00829871 /* Release */ = {
			isa = XCBuildConfiguration;
			baseConfigurationReference = FCB0DEA2CA694C78F967C560 /* Pods-iosApp.release.xcconfig */;
			buildSettings = {
				ASSETCATALOG_COMPILER_APPICON_NAME = AppIcon;
				CODE_SIGN_STYLE = Automatic;
				DEVELOPMENT_ASSET_PATHS = "\"iosApp/Preview Content\"";
				DEVELOPMENT_TEAM = 3XU5RDW35H;
				ENABLE_PREVIEWS = YES;
				INFOPLIST_FILE = iosApp/Info.plist;
				IPHONEOS_DEPLOYMENT_TARGET = 16.0;
				LD_RUNPATH_SEARCH_PATHS = (
					"$(inherited)",
					"@executable_path/Frameworks",
				);
				OTHER_LDFLAGS = (
					"$(inherited)",
					"-lsqlite3",
					"-ObjC",
					"-l\"c++\"",
					"-framework",
					"\"shared\"",
				);
				PRODUCT_BUNDLE_IDENTIFIER = larkes;
				PRODUCT_NAME = "$(TARGET_NAME)";
				SWIFT_VERSION = 5.0;
				TARGETED_DEVICE_FAMILY = "1,2";
			};
			name = Release;
		};
/* End XCBuildConfiguration section */

/* Begin XCConfigurationList section */
		7555FF76242A565900829871 /* Build configuration list for PBXProject "iosApp" */ = {
			isa = XCConfigurationList;
			buildConfigurations = (
				7555FFA3242A565B00829871 /* Debug */,
				7555FFA4242A565B00829871 /* Release */,
			);
			defaultConfigurationIsVisible = 0;
			defaultConfigurationName = Release;
		};
		7555FFA5242A565B00829871 /* Build configuration list for PBXNativeTarget "iosApp" */ = {
			isa = XCConfigurationList;
			buildConfigurations = (
				7555FFA6242A565B00829871 /* Debug */,
				7555FFA7242A565B00829871 /* Release */,
			);
			defaultConfigurationIsVisible = 0;
			defaultConfigurationName = Release;
		};
/* End XCConfigurationList section */
	};
	rootObject = 7555FF73242A565900829871 /* Project object */;
}
